
Microsoft Visual Studio Solution File, Format Version 12.00
# Visual Studio Version 17
VisualStudioVersion = 17.5.002.0
MinimumVisualStudioVersion = 10.0.40219.1
Project("{9A19103F-16F7-4668-BE54-9A1E7A4F7556}") = "DesafioFundamentos", "DesafioFundamentos.csproj", "{24E8189E-6433-4C6E-A0CA-FE51F1BF2DF8}"
EndProject
Global
	GlobalSection(SolutionConfigurationPlatforms) = preSolution
		Debug|Any CPU = Debug|Any CPU
		Release|Any CPU = Release|Any CPU
	EndGlobalSection
	GlobalSection(ProjectConfigurationPlatforms) = postSolution
		{24E8189E-6433-4C6E-A0CA-FE51F1BF2DF8}.Debug|Any CPU.ActiveCfg = Debug|Any CPU
		{24E8189E-6433-4C6E-A0CA-FE51F1BF2DF8}.Debug|Any CPU.Build.0 = Debug|Any CPU
		{24E8189E-6433-4C6E-A0CA-FE51F1BF2DF8}.Release|Any CPU.ActiveCfg = Release|Any CPU
		{24E8189E-6433-4C6E-A0CA-FE51F1BF2DF8}.Release|Any CPU.Build.0 = Release|Any CPU
	EndGlobalSection
	GlobalSection(SolutionProperties) = preSolution
		HideSolutionNode = FALSE
	EndGlobalSection
	GlobalSection(ExtensibilityGlobals) = postSolution
		SolutionGuid = {28E18FB3-840F-4684-B93F-9EED06F9EC28}
	EndGlobalSection
EndGlobal
